
Microsoft Visual Studio Solution File, Format Version 12.00
# Visual Studio 14
VisualStudioVersion = 14.0.25420.1
MinimumVisualStudioVersion = 10.0.40219.1
Project("{FAE04EC0-301F-11D3-BF4B-00C04F79EFBC}") = "Bank", "Bank\Bank.csproj", "{FE469552-06AD-4188-A013-4256AD5360CC}"
EndProject
Project("{FAE04EC0-301F-11D3-BF4B-00C04F79EFBC}") = "BankTest", "BankTest\BankTest.csproj", "{7374A17A-F0A5-4C0E-8B17-301F1A54CF2E}"
EndProject
Project("{FAE04EC0-301F-11D3-BF4B-00C04F79EFBC}") = "BankTestT", "BankTestT\BankTestT.csproj", "{18096C17-FCF4-4C6A-BAF5-E3A13C735A01}"
EndProject
Global
	GlobalSection(SolutionConfigurationPlatforms) = preSolution
		Debug|Any CPU = Debug|Any CPU
		Release|Any CPU = Release|Any CPU
	EndGlobalSection
	GlobalSection(ProjectConfigurationPlatforms) = postSolution
		{FE469552-06AD-4188-A013-4256AD5360CC}.Debug|Any CPU.ActiveCfg = Debug|Any CPU
		{FE469552-06AD-4188-A013-4256AD5360CC}.Debug|Any CPU.Build.0 = Debug|Any CPU
		{FE469552-06AD-4188-A013-4256AD5360CC}.Release|Any CPU.ActiveCfg = Release|Any CPU
		{FE469552-06AD-4188-A013-4256AD5360CC}.Release|Any CPU.Build.0 = Release|Any CPU
		{7374A17A-F0A5-4C0E-8B17-301F1A54CF2E}.Debug|Any CPU.ActiveCfg = Debug|Any CPU
		{7374A17A-F0A5-4C0E-8B17-301F1A54CF2E}.Debug|Any CPU.Build.0 = Debug|Any CPU
		{7374A17A-F0A5-4C0E-8B17-301F1A54CF2E}.Release|Any CPU.ActiveCfg = Release|Any CPU
		{7374A17A-F0A5-4C0E-8B17-301F1A54CF2E}.Release|Any CPU.Build.0 = Release|Any CPU
		{18096C17-FCF4-4C6A-BAF5-E3A13C735A01}.Debug|Any CPU.ActiveCfg = Debug|Any CPU
		{18096C17-FCF4-4C6A-BAF5-E3A13C735A01}.Debug|Any CPU.Build.0 = Debug|Any CPU
		{18096C17-FCF4-4C6A-BAF5-E3A13C735A01}.Release|Any CPU.ActiveCfg = Release|Any CPU
		{18096C17-FCF4-4C6A-BAF5-E3A13C735A01}.Release|Any CPU.Build.0 = Release|Any CPU
	EndGlobalSection
	GlobalSection(SolutionProperties) = preSolution
		HideSolutionNode = FALSE
	EndGlobalSection
EndGlobal
